{
  "name": "integration-npm",
  "version": "1.0.0",
  "lockfileVersion": 1,
  "requires": true,
  "dependencies": {
    "@masala/parser": {
      "version": "0.7.0",
      "resolved": "https://registry.npmjs.org/@masala/parser/-/parser-0.7.0.tgz",
      "integrity": "sha512-XU7v/dpJOhhQ3NpN4WKC3YG5MLf+SaVxGauw+MRGNi/mGgP+QSYJ9MFvFk7TQeU4QkUgiBPQwdPkquHABi5O4Q=="
    }
  }
}
